
Microsoft Visual Studio Solution File, Format Version 12.00
# Visual Studio 2012
Project("{FAE04EC0-301F-11D3-BF4B-00C04F79EFBC}") = "MesReportGenerator", "MesReportGenerator\MesReportGenerator.csproj", "{4CE82FE5-0062-4AB9-B7A0-53F5A42E9F64}"
EndProject
Project("{54435603-DBB4-11D2-8724-00A0C9A8B90C}") = "MesReportGeneratorSetup", "MesReportGeneratorSetup\MesReportGeneratorSetup.vdproj", "{B8561FDC-7A46-4CB7-B66C-D8C0657088FE}"
EndProject
Project("{6141683F-8A12-4E36-9623-2EB02B2C2303}") = "ReportGenSetup", "ReportGenSetup\ReportGenSetup.isproj", "{44C05621-BFF8-43DF-ABD0-79F424B4AF8C}"
EndProject
Project("{FAE04EC0-301F-11D3-BF4B-00C04F79EFBC}") = "TestConsoleApplication", "Test\TestConsoleApplication\TestConsoleApplication.csproj", "{CECDA0DB-B8D6-42E5-8480-3D3D7B943D0E}"
EndProject
Global
	GlobalSection(SolutionConfigurationPlatforms) = preSolution
		CD_ROM|Any CPU = CD_ROM|Any CPU
		CD_ROM|Mixed Platforms = CD_ROM|Mixed Platforms
		CD_ROM|x86 = CD_ROM|x86
		Debug|Any CPU = Debug|Any CPU
		Debug|Mixed Platforms = Debug|Mixed Platforms
		Debug|x86 = Debug|x86
		DVD-5|Any CPU = DVD-5|Any CPU
		DVD-5|Mixed Platforms = DVD-5|Mixed Platforms
		DVD-5|x86 = DVD-5|x86
		Release|Any CPU = Release|Any CPU
		Release|Mixed Platforms = Release|Mixed Platforms
		Release|x86 = Release|x86
		SingleImage|Any CPU = SingleImage|Any CPU
		SingleImage|Mixed Platforms = SingleImage|Mixed Platforms
		SingleImage|x86 = SingleImage|x86
	EndGlobalSection
	GlobalSection(ProjectConfigurationPlatforms) = postSolution
		{4CE82FE5-0062-4AB9-B7A0-53F5A42E9F64}.CD_ROM|Any CPU.ActiveCfg = Debug|x86
		{4CE82FE5-0062-4AB9-B7A0-53F5A42E9F64}.CD_ROM|Mixed Platforms.ActiveCfg = Debug|x86
		{4CE82FE5-0062-4AB9-B7A0-53F5A42E9F64}.CD_ROM|Mixed Platforms.Build.0 = Debug|x86
		{4CE82FE5-0062-4AB9-B7A0-53F5A42E9F64}.CD_ROM|x86.ActiveCfg = Release|x86
		{4CE82FE5-0062-4AB9-B7A0-53F5A42E9F64}.CD_ROM|x86.Build.0 = Release|x86
		{4CE82FE5-0062-4AB9-B7A0-53F5A42E9F64}.Debug|Any CPU.ActiveCfg = Debug|x86
		{4CE82FE5-0062-4AB9-B7A0-53F5A42E9F64}.Debug|Mixed Platforms.ActiveCfg = Debug|x86
		{4CE82FE5-0062-4AB9-B7A0-53F5A42E9F64}.Debug|Mixed Platforms.Build.0 = Debug|x86
		{4CE82FE5-0062-4AB9-B7A0-53F5A42E9F64}.Debug|x86.ActiveCfg = Debug|x86
		{4CE82FE5-0062-4AB9-B7A0-53F5A42E9F64}.Debug|x86.Build.0 = Debug|x86
		{4CE82FE5-0062-4AB9-B7A0-53F5A42E9F64}.DVD-5|Any CPU.ActiveCfg = Debug|x86
		{4CE82FE5-0062-4AB9-B7A0-53F5A42E9F64}.DVD-5|Mixed Platforms.ActiveCfg = Debug|x86
		{4CE82FE5-0062-4AB9-B7A0-53F5A42E9F64}.DVD-5|Mixed Platforms.Build.0 = Debug|x86
		{4CE82FE5-0062-4AB9-B7A0-53F5A42E9F64}.DVD-5|x86.ActiveCfg = Debug|x86
		{4CE82FE5-0062-4AB9-B7A0-53F5A42E9F64}.DVD-5|x86.Build.0 = Debug|x86
		{4CE82FE5-0062-4AB9-B7A0-53F5A42E9F64}.Release|Any CPU.ActiveCfg = Release|x86
		{4CE82FE5-0062-4AB9-B7A0-53F5A42E9F64}.Release|Mixed Platforms.ActiveCfg = Release|x86
		{4CE82FE5-0062-4AB9-B7A0-53F5A42E9F64}.Release|Mixed Platforms.Build.0 = Release|x86
		{4CE82FE5-0062-4AB9-B7A0-53F5A42E9F64}.Release|x86.ActiveCfg = Release|x86
		{4CE82FE5-0062-4AB9-B7A0-53F5A42E9F64}.Release|x86.Build.0 = Release|x86
		{4CE82FE5-0062-4AB9-B7A0-53F5A42E9F64}.SingleImage|Any CPU.ActiveCfg = Debug|x86
		{4CE82FE5-0062-4AB9-B7A0-53F5A42E9F64}.SingleImage|Mixed Platforms.ActiveCfg = Debug|x86
		{4CE82FE5-0062-4AB9-B7A0-53F5A42E9F64}.SingleImage|Mixed Platforms.Build.0 = Debug|x86
		{4CE82FE5-0062-4AB9-B7A0-53F5A42E9F64}.SingleImage|x86.ActiveCfg = Release|x86
		{4CE82FE5-0062-4AB9-B7A0-53F5A42E9F64}.SingleImage|x86.Build.0 = Release|x86
		{B8561FDC-7A46-4CB7-B66C-D8C0657088FE}.CD_ROM|Any CPU.ActiveCfg = Debug
		{B8561FDC-7A46-4CB7-B66C-D8C0657088FE}.CD_ROM|Mixed Platforms.ActiveCfg = Debug
		{B8561FDC-7A46-4CB7-B66C-D8C0657088FE}.CD_ROM|x86.ActiveCfg = Release
		{B8561FDC-7A46-4CB7-B66C-D8C0657088FE}.Debug|Any CPU.ActiveCfg = Debug
		{B8561FDC-7A46-4CB7-B66C-D8C0657088FE}.Debug|Mixed Platforms.ActiveCfg = Debug
		{B8561FDC-7A46-4CB7-B66C-D8C0657088FE}.Debug|x86.ActiveCfg = Debug
		{B8561FDC-7A46-4CB7-B66C-D8C0657088FE}.DVD-5|Any CPU.ActiveCfg = Debug
		{B8561FDC-7A46-4CB7-B66C-D8C0657088FE}.DVD-5|Mixed Platforms.ActiveCfg = Debug
		{B8561FDC-7A46-4CB7-B66C-D8C0657088FE}.DVD-5|x86.ActiveCfg = Debug
		{B8561FDC-7A46-4CB7-B66C-D8C0657088FE}.Release|Any CPU.ActiveCfg = Release
		{B8561FDC-7A46-4CB7-B66C-D8C0657088FE}.Release|Mixed Platforms.ActiveCfg = Release
		{B8561FDC-7A46-4CB7-B66C-D8C0657088FE}.Release|x86.ActiveCfg = Release
		{B8561FDC-7A46-4CB7-B66C-D8C0657088FE}.SingleImage|Any CPU.ActiveCfg = Debug
		{B8561FDC-7A46-4CB7-B66C-D8C0657088FE}.SingleImage|Mixed Platforms.ActiveCfg = Debug
		{B8561FDC-7A46-4CB7-B66C-D8C0657088FE}.SingleImage|x86.ActiveCfg = Release
		{44C05621-BFF8-43DF-ABD0-79F424B4AF8C}.CD_ROM|Any CPU.ActiveCfg = CD_ROM
		{44C05621-BFF8-43DF-ABD0-79F424B4AF8C}.CD_ROM|Any CPU.Build.0 = CD_ROM
		{44C05621-BFF8-43DF-ABD0-79F424B4AF8C}.CD_ROM|Mixed Platforms.ActiveCfg = CD_ROM
		{44C05621-BFF8-43DF-ABD0-79F424B4AF8C}.CD_ROM|Mixed Platforms.Build.0 = CD_ROM
		{44C05621-BFF8-43DF-ABD0-79F424B4AF8C}.CD_ROM|x86.ActiveCfg = CD_ROM
		{44C05621-BFF8-43DF-ABD0-79F424B4AF8C}.CD_ROM|x86.Build.0 = CD_ROM
		{44C05621-BFF8-43DF-ABD0-79F424B4AF8C}.Debug|Any CPU.ActiveCfg = DVD-5
		{44C05621-BFF8-43DF-ABD0-79F424B4AF8C}.Debug|Any CPU.Build.0 = DVD-5
		{44C05621-BFF8-43DF-ABD0-79F424B4AF8C}.Debug|Mixed Platforms.ActiveCfg = DVD-5
		{44C05621-BFF8-43DF-ABD0-79F424B4AF8C}.Debug|Mixed Platforms.Build.0 = DVD-5
		{44C05621-BFF8-43DF-ABD0-79F424B4AF8C}.Debug|x86.ActiveCfg = DVD-5
		{44C05621-BFF8-43DF-ABD0-79F424B4AF8C}.Debug|x86.Build.0 = DVD-5
		{44C05621-BFF8-43DF-ABD0-79F424B4AF8C}.DVD-5|Any CPU.ActiveCfg = DVD-5
		{44C05621-BFF8-43DF-ABD0-79F424B4AF8C}.DVD-5|Any CPU.Build.0 = DVD-5
		{44C05621-BFF8-43DF-ABD0-79F424B4AF8C}.DVD-5|Mixed Platforms.ActiveCfg = DVD-5
		{44C05621-BFF8-43DF-ABD0-79F424B4AF8C}.DVD-5|Mixed Platforms.Build.0 = DVD-5
		{44C05621-BFF8-43DF-ABD0-79F424B4AF8C}.DVD-5|x86.ActiveCfg = DVD-5
		{44C05621-BFF8-43DF-ABD0-79F424B4AF8C}.DVD-5|x86.Build.0 = DVD-5
		{44C05621-BFF8-43DF-ABD0-79F424B4AF8C}.Release|Any CPU.ActiveCfg = SingleImage
		{44C05621-BFF8-43DF-ABD0-79F424B4AF8C}.Release|Any CPU.Build.0 = SingleImage
		{44C05621-BFF8-43DF-ABD0-79F424B4AF8C}.Release|Mixed Platforms.ActiveCfg = SingleImage
		{44C05621-BFF8-43DF-ABD0-79F424B4AF8C}.Release|Mixed Platforms.Build.0 = SingleImage
		{44C05621-BFF8-43DF-ABD0-79F424B4AF8C}.Release|x86.ActiveCfg = SingleImage
		{44C05621-BFF8-43DF-ABD0-79F424B4AF8C}.Release|x86.Build.0 = SingleImage
		{44C05621-BFF8-43DF-ABD0-79F424B4AF8C}.SingleImage|Any CPU.ActiveCfg = SingleImage
		{44C05621-BFF8-43DF-ABD0-79F424B4AF8C}.SingleImage|Any CPU.Build.0 = SingleImage
		{44C05621-BFF8-43DF-ABD0-79F424B4AF8C}.SingleImage|Mixed Platforms.ActiveCfg = SingleImage
		{44C05621-BFF8-43DF-ABD0-79F424B4AF8C}.SingleImage|Mixed Platforms.Build.0 = SingleImage
		{44C05621-BFF8-43DF-ABD0-79F424B4AF8C}.SingleImage|x86.ActiveCfg = SingleImage
		{44C05621-BFF8-43DF-ABD0-79F424B4AF8C}.SingleImage|x86.Build.0 = SingleImage
		{CECDA0DB-B8D6-42E5-8480-3D3D7B943D0E}.CD_ROM|Any CPU.ActiveCfg = Release|Any CPU
		{CECDA0DB-B8D6-42E5-8480-3D3D7B943D0E}.CD_ROM|Any CPU.Build.0 = Release|Any CPU
		{CECDA0DB-B8D6-42E5-8480-3D3D7B943D0E}.CD_ROM|Mixed Platforms.ActiveCfg = Release|Any CPU
		{CECDA0DB-B8D6-42E5-8480-3D3D7B943D0E}.CD_ROM|Mixed Platforms.Build.0 = Release|Any CPU
		{CECDA0DB-B8D6-42E5-8480-3D3D7B943D0E}.CD_ROM|x86.ActiveCfg = Release|Any CPU
		{CECDA0DB-B8D6-42E5-8480-3D3D7B943D0E}.Debug|Any CPU.ActiveCfg = Debug|Any CPU
		{CECDA0DB-B8D6-42E5-8480-3D3D7B943D0E}.Debug|Any CPU.Build.0 = Debug|Any CPU
		{CECDA0DB-B8D6-42E5-8480-3D3D7B943D0E}.Debug|Mixed Platforms.ActiveCfg = Debug|Any CPU
		{CECDA0DB-B8D6-42E5-8480-3D3D7B943D0E}.Debug|Mixed Platforms.Build.0 = Debug|Any CPU
		{CECDA0DB-B8D6-42E5-8480-3D3D7B943D0E}.Debug|x86.ActiveCfg = Debug|Any CPU
		{CECDA0DB-B8D6-42E5-8480-3D3D7B943D0E}.DVD-5|Any CPU.ActiveCfg = Debug|Any CPU
		{CECDA0DB-B8D6-42E5-8480-3D3D7B943D0E}.DVD-5|Any CPU.Build.0 = Debug|Any CPU
		{CECDA0DB-B8D6-42E5-8480-3D3D7B943D0E}.DVD-5|Mixed Platforms.ActiveCfg = Debug|Any CPU
		{CECDA0DB-B8D6-42E5-8480-3D3D7B943D0E}.DVD-5|Mixed Platforms.Build.0 = Debug|Any CPU
		{CECDA0DB-B8D6-42E5-8480-3D3D7B943D0E}.DVD-5|x86.ActiveCfg = Debug|Any CPU
		{CECDA0DB-B8D6-42E5-8480-3D3D7B943D0E}.Release|Any CPU.ActiveCfg = Release|Any CPU
		{CECDA0DB-B8D6-42E5-8480-3D3D7B943D0E}.Release|Any CPU.Build.0 = Release|Any CPU
		{CECDA0DB-B8D6-42E5-8480-3D3D7B943D0E}.Release|Mixed Platforms.ActiveCfg = Release|Any CPU
		{CECDA0DB-B8D6-42E5-8480-3D3D7B943D0E}.Release|Mixed Platforms.Build.0 = Release|Any CPU
		{CECDA0DB-B8D6-42E5-8480-3D3D7B943D0E}.Release|x86.ActiveCfg = Release|Any CPU
		{CECDA0DB-B8D6-42E5-8480-3D3D7B943D0E}.SingleImage|Any CPU.ActiveCfg = Release|Any CPU
		{CECDA0DB-B8D6-42E5-8480-3D3D7B943D0E}.SingleImage|Any CPU.Build.0 = Release|Any CPU
		{CECDA0DB-B8D6-42E5-8480-3D3D7B943D0E}.SingleImage|Mixed Platforms.ActiveCfg = Release|Any CPU
		{CECDA0DB-B8D6-42E5-8480-3D3D7B943D0E}.SingleImage|Mixed Platforms.Build.0 = Release|Any CPU
		{CECDA0DB-B8D6-42E5-8480-3D3D7B943D0E}.SingleImage|x86.ActiveCfg = Release|Any CPU
	EndGlobalSection
	GlobalSection(SolutionProperties) = preSolution
		HideSolutionNode = FALSE
	EndGlobalSection
EndGlobal
