
Microsoft Visual Studio Solution File, Format Version 12.00
# Visual Studio 2012
Project("{FAE04EC0-301F-11D3-BF4B-00C04F79EFBC}") = "BluetoothReaderTest", "BluetoothReaderTest\BluetoothReaderTest.csproj", "{DF54A634-238A-4CFF-9C68-25A802BA3B46}"
EndProject
Project("{FAE04EC0-301F-11D3-BF4B-00C04F79EFBC}") = "Logger", "D:\Ccrt\Ccrt2\Library\Logger\Logger\Logger.csproj", "{3E4A957D-BFB8-408F-9664-711B4B239CC7}"
EndProject
Project("{FAE04EC0-301F-11D3-BF4B-00C04F79EFBC}") = "QnxCcrtInterface", "D:\Ccrt\Ccrt2\Library\QnxCcrtInterface\QnxCcrtInterface\QnxCcrtInterface.csproj", "{D539E60D-941C-47C7-A224-F65A4056069C}"
EndProject
Global
	GlobalSection(SolutionConfigurationPlatforms) = preSolution
		Debug|Any CPU = Debug|Any CPU
		Debug|x86 = Debug|x86
		Release|Any CPU = Release|Any CPU
		Release|x86 = Release|x86
	EndGlobalSection
	GlobalSection(ProjectConfigurationPlatforms) = postSolution
		{DF54A634-238A-4CFF-9C68-25A802BA3B46}.Debug|Any CPU.ActiveCfg = Debug|Any CPU
		{DF54A634-238A-4CFF-9C68-25A802BA3B46}.Debug|Any CPU.Build.0 = Debug|Any CPU
		{DF54A634-238A-4CFF-9C68-25A802BA3B46}.Debug|x86.ActiveCfg = Debug|x86
		{DF54A634-238A-4CFF-9C68-25A802BA3B46}.Debug|x86.Build.0 = Debug|x86
		{DF54A634-238A-4CFF-9C68-25A802BA3B46}.Release|Any CPU.ActiveCfg = Release|Any CPU
		{DF54A634-238A-4CFF-9C68-25A802BA3B46}.Release|Any CPU.Build.0 = Release|Any CPU
		{DF54A634-238A-4CFF-9C68-25A802BA3B46}.Release|x86.ActiveCfg = Release|x86
		{DF54A634-238A-4CFF-9C68-25A802BA3B46}.Release|x86.Build.0 = Release|x86
		{3E4A957D-BFB8-408F-9664-711B4B239CC7}.Debug|Any CPU.ActiveCfg = Debug|Any CPU
		{3E4A957D-BFB8-408F-9664-711B4B239CC7}.Debug|Any CPU.Build.0 = Debug|Any CPU
		{3E4A957D-BFB8-408F-9664-711B4B239CC7}.Debug|x86.ActiveCfg = Debug|x86
		{3E4A957D-BFB8-408F-9664-711B4B239CC7}.Debug|x86.Build.0 = Debug|x86
		{3E4A957D-BFB8-408F-9664-711B4B239CC7}.Release|Any CPU.ActiveCfg = Release|Any CPU
		{3E4A957D-BFB8-408F-9664-711B4B239CC7}.Release|Any CPU.Build.0 = Release|Any CPU
		{3E4A957D-BFB8-408F-9664-711B4B239CC7}.Release|x86.ActiveCfg = Release|x86
		{3E4A957D-BFB8-408F-9664-711B4B239CC7}.Release|x86.Build.0 = Release|x86
		{D539E60D-941C-47C7-A224-F65A4056069C}.Debug|Any CPU.ActiveCfg = Debug|Any CPU
		{D539E60D-941C-47C7-A224-F65A4056069C}.Debug|Any CPU.Build.0 = Debug|Any CPU
		{D539E60D-941C-47C7-A224-F65A4056069C}.Debug|x86.ActiveCfg = Debug|x86
		{D539E60D-941C-47C7-A224-F65A4056069C}.Debug|x86.Build.0 = Debug|x86
		{D539E60D-941C-47C7-A224-F65A4056069C}.Release|Any CPU.ActiveCfg = Release|Any CPU
		{D539E60D-941C-47C7-A224-F65A4056069C}.Release|Any CPU.Build.0 = Release|Any CPU
		{D539E60D-941C-47C7-A224-F65A4056069C}.Release|x86.ActiveCfg = Release|x86
		{D539E60D-941C-47C7-A224-F65A4056069C}.Release|x86.Build.0 = Release|x86
	EndGlobalSection
	GlobalSection(SolutionProperties) = preSolution
		HideSolutionNode = FALSE
	EndGlobalSection
EndGlobal
