
Microsoft Visual Studio Solution File, Format Version 11.00
# Visual Studio 2010
Project("{FAE04EC0-301F-11D3-BF4B-00C04F79EFBC}") = "MesReportGenerator", "MesReportGenerator\MesReportGenerator.csproj", "{4CE82FE5-0062-4AB9-B7A0-53F5A42E9F64}"
EndProject
Project("{54435603-DBB4-11D2-8724-00A0C9A8B90C}") = "MesReportGeneratorSetup", "MesReportGeneratorSetup\MesReportGeneratorSetup.vdproj", "{B8561FDC-7A46-4CB7-B66C-D8C0657088FE}"
EndProject
Global
	GlobalSection(SolutionConfigurationPlatforms) = preSolution
		Debug|x86 = Debug|x86
		Release|x86 = Release|x86
	EndGlobalSection
	GlobalSection(ProjectConfigurationPlatforms) = postSolution
		{4CE82FE5-0062-4AB9-B7A0-53F5A42E9F64}.Debug|x86.ActiveCfg = Debug|x86
		{4CE82FE5-0062-4AB9-B7A0-53F5A42E9F64}.Debug|x86.Build.0 = Debug|x86
		{4CE82FE5-0062-4AB9-B7A0-53F5A42E9F64}.Release|x86.ActiveCfg = Release|x86
		{4CE82FE5-0062-4AB9-B7A0-53F5A42E9F64}.Release|x86.Build.0 = Release|x86
		{B8561FDC-7A46-4CB7-B66C-D8C0657088FE}.Debug|x86.ActiveCfg = Debug
		{B8561FDC-7A46-4CB7-B66C-D8C0657088FE}.Release|x86.ActiveCfg = Release
	EndGlobalSection
	GlobalSection(SolutionProperties) = preSolution
		HideSolutionNode = FALSE
	EndGlobalSection
EndGlobal
