
Microsoft Visual Studio Solution File, Format Version 12.00
# Visual Studio 2012
Project("{FAE04EC0-301F-11D3-BF4B-00C04F79EFBC}") = "InputServer", "InputServer\InputServer.csproj", "{DC1F1B0F-8BAF-487A-B017-760724EB06C9}"
EndProject
Project("{FAE04EC0-301F-11D3-BF4B-00C04F79EFBC}") = "CcrtDataBaseLibrary", "..\Library\DatabaseLibrary\CcrtDatabaseLibrary\CcrtDataBaseLibrary.csproj", "{E2F450F6-364D-4691-AA4C-B2B16373F4FD}"
EndProject
Project("{FAE04EC0-301F-11D3-BF4B-00C04F79EFBC}") = "InputDataItemLibrary", "..\Library\InputDataItemLibrary\InputDataItemLibrary.csproj", "{42A4B9AE-7BC2-4B28-8A0A-3AAF1B3F2EA1}"
EndProject
Project("{FAE04EC0-301F-11D3-BF4B-00C04F79EFBC}") = "Logger", "..\Library\Logger\Logger\Logger.csproj", "{3E4A957D-BFB8-408F-9664-711B4B239CC7}"
EndProject
Project("{FAE04EC0-301F-11D3-BF4B-00C04F79EFBC}") = "QnxCcrtInterface", "..\Library\QnxCcrtInterface\QnxCcrtInterface\QnxCcrtInterface.csproj", "{D539E60D-941C-47C7-A224-F65A4056069C}"
EndProject
Project("{FAE04EC0-301F-11D3-BF4B-00C04F79EFBC}") = "SerialPortLibrary", "..\Library\SerialPortLibrary\SerialPortLibrary.csproj", "{FAC8AB21-C951-4FBE-BCC0-215E5E42F45E}"
EndProject
Project("{6141683F-8A12-4E36-9623-2EB02B2C2303}") = "InputServerSetup", "InputServerSetup\InputServerSetup.isproj", "{8A0BB781-E819-45B0-A67F-154E3476420F}"
	ProjectSection(ProjectDependencies) = postProject
		{D539E60D-941C-47C7-A224-F65A4056069C} = {D539E60D-941C-47C7-A224-F65A4056069C}
		{FAC8AB21-C951-4FBE-BCC0-215E5E42F45E} = {FAC8AB21-C951-4FBE-BCC0-215E5E42F45E}
		{3E4A957D-BFB8-408F-9664-711B4B239CC7} = {3E4A957D-BFB8-408F-9664-711B4B239CC7}
		{42A4B9AE-7BC2-4B28-8A0A-3AAF1B3F2EA1} = {42A4B9AE-7BC2-4B28-8A0A-3AAF1B3F2EA1}
		{E2F450F6-364D-4691-AA4C-B2B16373F4FD} = {E2F450F6-364D-4691-AA4C-B2B16373F4FD}
	EndProjectSection
EndProject
Global
	GlobalSection(SolutionConfigurationPlatforms) = preSolution
		CD_ROM|Any CPU = CD_ROM|Any CPU
		CD_ROM|Mixed Platforms = CD_ROM|Mixed Platforms
		CD_ROM|x86 = CD_ROM|x86
		Debug|Any CPU = Debug|Any CPU
		Debug|Mixed Platforms = Debug|Mixed Platforms
		Debug|x86 = Debug|x86
		DVD-5|Any CPU = DVD-5|Any CPU
		DVD-5|Mixed Platforms = DVD-5|Mixed Platforms
		DVD-5|x86 = DVD-5|x86
		Release|Any CPU = Release|Any CPU
		Release|Mixed Platforms = Release|Mixed Platforms
		Release|x86 = Release|x86
		SingleImage|Any CPU = SingleImage|Any CPU
		SingleImage|Mixed Platforms = SingleImage|Mixed Platforms
		SingleImage|x86 = SingleImage|x86
	EndGlobalSection
	GlobalSection(ProjectConfigurationPlatforms) = postSolution
		{DC1F1B0F-8BAF-487A-B017-760724EB06C9}.CD_ROM|Any CPU.ActiveCfg = Release|x86
		{DC1F1B0F-8BAF-487A-B017-760724EB06C9}.CD_ROM|Mixed Platforms.ActiveCfg = Release|x86
		{DC1F1B0F-8BAF-487A-B017-760724EB06C9}.CD_ROM|Mixed Platforms.Build.0 = Release|x86
		{DC1F1B0F-8BAF-487A-B017-760724EB06C9}.CD_ROM|x86.ActiveCfg = Release|x86
		{DC1F1B0F-8BAF-487A-B017-760724EB06C9}.CD_ROM|x86.Build.0 = Release|x86
		{DC1F1B0F-8BAF-487A-B017-760724EB06C9}.Debug|Any CPU.ActiveCfg = Debug|x86
		{DC1F1B0F-8BAF-487A-B017-760724EB06C9}.Debug|Mixed Platforms.ActiveCfg = Debug|x86
		{DC1F1B0F-8BAF-487A-B017-760724EB06C9}.Debug|Mixed Platforms.Build.0 = Debug|x86
		{DC1F1B0F-8BAF-487A-B017-760724EB06C9}.Debug|x86.ActiveCfg = Debug|x86
		{DC1F1B0F-8BAF-487A-B017-760724EB06C9}.Debug|x86.Build.0 = Debug|x86
		{DC1F1B0F-8BAF-487A-B017-760724EB06C9}.DVD-5|Any CPU.ActiveCfg = Debug|x86
		{DC1F1B0F-8BAF-487A-B017-760724EB06C9}.DVD-5|Mixed Platforms.ActiveCfg = Debug|x86
		{DC1F1B0F-8BAF-487A-B017-760724EB06C9}.DVD-5|Mixed Platforms.Build.0 = Debug|x86
		{DC1F1B0F-8BAF-487A-B017-760724EB06C9}.DVD-5|x86.ActiveCfg = Debug|x86
		{DC1F1B0F-8BAF-487A-B017-760724EB06C9}.DVD-5|x86.Build.0 = Debug|x86
		{DC1F1B0F-8BAF-487A-B017-760724EB06C9}.Release|Any CPU.ActiveCfg = Release|x86
		{DC1F1B0F-8BAF-487A-B017-760724EB06C9}.Release|Mixed Platforms.ActiveCfg = Release|x86
		{DC1F1B0F-8BAF-487A-B017-760724EB06C9}.Release|Mixed Platforms.Build.0 = Release|x86
		{DC1F1B0F-8BAF-487A-B017-760724EB06C9}.Release|x86.ActiveCfg = Release|x86
		{DC1F1B0F-8BAF-487A-B017-760724EB06C9}.Release|x86.Build.0 = Release|x86
		{DC1F1B0F-8BAF-487A-B017-760724EB06C9}.SingleImage|Any CPU.ActiveCfg = Release|x86
		{DC1F1B0F-8BAF-487A-B017-760724EB06C9}.SingleImage|Mixed Platforms.ActiveCfg = Release|x86
		{DC1F1B0F-8BAF-487A-B017-760724EB06C9}.SingleImage|Mixed Platforms.Build.0 = Release|x86
		{DC1F1B0F-8BAF-487A-B017-760724EB06C9}.SingleImage|x86.ActiveCfg = Release|x86
		{DC1F1B0F-8BAF-487A-B017-760724EB06C9}.SingleImage|x86.Build.0 = Release|x86
		{E2F450F6-364D-4691-AA4C-B2B16373F4FD}.CD_ROM|Any CPU.ActiveCfg = Release|Any CPU
		{E2F450F6-364D-4691-AA4C-B2B16373F4FD}.CD_ROM|Any CPU.Build.0 = Release|Any CPU
		{E2F450F6-364D-4691-AA4C-B2B16373F4FD}.CD_ROM|Mixed Platforms.ActiveCfg = Release|Any CPU
		{E2F450F6-364D-4691-AA4C-B2B16373F4FD}.CD_ROM|Mixed Platforms.Build.0 = Release|Any CPU
		{E2F450F6-364D-4691-AA4C-B2B16373F4FD}.CD_ROM|x86.ActiveCfg = Release|Any CPU
		{E2F450F6-364D-4691-AA4C-B2B16373F4FD}.Debug|Any CPU.ActiveCfg = Debug|Any CPU
		{E2F450F6-364D-4691-AA4C-B2B16373F4FD}.Debug|Any CPU.Build.0 = Debug|Any CPU
		{E2F450F6-364D-4691-AA4C-B2B16373F4FD}.Debug|Mixed Platforms.ActiveCfg = Debug|Any CPU
		{E2F450F6-364D-4691-AA4C-B2B16373F4FD}.Debug|Mixed Platforms.Build.0 = Debug|Any CPU
		{E2F450F6-364D-4691-AA4C-B2B16373F4FD}.Debug|x86.ActiveCfg = Debug|Any CPU
		{E2F450F6-364D-4691-AA4C-B2B16373F4FD}.DVD-5|Any CPU.ActiveCfg = Debug|Any CPU
		{E2F450F6-364D-4691-AA4C-B2B16373F4FD}.DVD-5|Any CPU.Build.0 = Debug|Any CPU
		{E2F450F6-364D-4691-AA4C-B2B16373F4FD}.DVD-5|Mixed Platforms.ActiveCfg = Debug|Any CPU
		{E2F450F6-364D-4691-AA4C-B2B16373F4FD}.DVD-5|Mixed Platforms.Build.0 = Debug|Any CPU
		{E2F450F6-364D-4691-AA4C-B2B16373F4FD}.DVD-5|x86.ActiveCfg = Debug|Any CPU
		{E2F450F6-364D-4691-AA4C-B2B16373F4FD}.Release|Any CPU.ActiveCfg = Release|Any CPU
		{E2F450F6-364D-4691-AA4C-B2B16373F4FD}.Release|Any CPU.Build.0 = Release|Any CPU
		{E2F450F6-364D-4691-AA4C-B2B16373F4FD}.Release|Mixed Platforms.ActiveCfg = Release|Any CPU
		{E2F450F6-364D-4691-AA4C-B2B16373F4FD}.Release|Mixed Platforms.Build.0 = Release|Any CPU
		{E2F450F6-364D-4691-AA4C-B2B16373F4FD}.Release|x86.ActiveCfg = Release|Any CPU
		{E2F450F6-364D-4691-AA4C-B2B16373F4FD}.SingleImage|Any CPU.ActiveCfg = Release|Any CPU
		{E2F450F6-364D-4691-AA4C-B2B16373F4FD}.SingleImage|Any CPU.Build.0 = Release|Any CPU
		{E2F450F6-364D-4691-AA4C-B2B16373F4FD}.SingleImage|Mixed Platforms.ActiveCfg = Release|Any CPU
		{E2F450F6-364D-4691-AA4C-B2B16373F4FD}.SingleImage|Mixed Platforms.Build.0 = Release|Any CPU
		{E2F450F6-364D-4691-AA4C-B2B16373F4FD}.SingleImage|x86.ActiveCfg = Release|Any CPU
		{42A4B9AE-7BC2-4B28-8A0A-3AAF1B3F2EA1}.CD_ROM|Any CPU.ActiveCfg = Release|Any CPU
		{42A4B9AE-7BC2-4B28-8A0A-3AAF1B3F2EA1}.CD_ROM|Any CPU.Build.0 = Release|Any CPU
		{42A4B9AE-7BC2-4B28-8A0A-3AAF1B3F2EA1}.CD_ROM|Mixed Platforms.ActiveCfg = Release|Any CPU
		{42A4B9AE-7BC2-4B28-8A0A-3AAF1B3F2EA1}.CD_ROM|Mixed Platforms.Build.0 = Release|Any CPU
		{42A4B9AE-7BC2-4B28-8A0A-3AAF1B3F2EA1}.CD_ROM|x86.ActiveCfg = Release|Any CPU
		{42A4B9AE-7BC2-4B28-8A0A-3AAF1B3F2EA1}.Debug|Any CPU.ActiveCfg = Debug|Any CPU
		{42A4B9AE-7BC2-4B28-8A0A-3AAF1B3F2EA1}.Debug|Any CPU.Build.0 = Debug|Any CPU
		{42A4B9AE-7BC2-4B28-8A0A-3AAF1B3F2EA1}.Debug|Mixed Platforms.ActiveCfg = Debug|Any CPU
		{42A4B9AE-7BC2-4B28-8A0A-3AAF1B3F2EA1}.Debug|Mixed Platforms.Build.0 = Debug|Any CPU
		{42A4B9AE-7BC2-4B28-8A0A-3AAF1B3F2EA1}.Debug|x86.ActiveCfg = Debug|Any CPU
		{42A4B9AE-7BC2-4B28-8A0A-3AAF1B3F2EA1}.DVD-5|Any CPU.ActiveCfg = Debug|Any CPU
		{42A4B9AE-7BC2-4B28-8A0A-3AAF1B3F2EA1}.DVD-5|Any CPU.Build.0 = Debug|Any CPU
		{42A4B9AE-7BC2-4B28-8A0A-3AAF1B3F2EA1}.DVD-5|Mixed Platforms.ActiveCfg = Debug|Any CPU
		{42A4B9AE-7BC2-4B28-8A0A-3AAF1B3F2EA1}.DVD-5|Mixed Platforms.Build.0 = Debug|Any CPU
		{42A4B9AE-7BC2-4B28-8A0A-3AAF1B3F2EA1}.DVD-5|x86.ActiveCfg = Debug|Any CPU
		{42A4B9AE-7BC2-4B28-8A0A-3AAF1B3F2EA1}.Release|Any CPU.ActiveCfg = Release|Any CPU
		{42A4B9AE-7BC2-4B28-8A0A-3AAF1B3F2EA1}.Release|Any CPU.Build.0 = Release|Any CPU
		{42A4B9AE-7BC2-4B28-8A0A-3AAF1B3F2EA1}.Release|Mixed Platforms.ActiveCfg = Release|Any CPU
		{42A4B9AE-7BC2-4B28-8A0A-3AAF1B3F2EA1}.Release|Mixed Platforms.Build.0 = Release|Any CPU
		{42A4B9AE-7BC2-4B28-8A0A-3AAF1B3F2EA1}.Release|x86.ActiveCfg = Release|Any CPU
		{42A4B9AE-7BC2-4B28-8A0A-3AAF1B3F2EA1}.SingleImage|Any CPU.ActiveCfg = Release|Any CPU
		{42A4B9AE-7BC2-4B28-8A0A-3AAF1B3F2EA1}.SingleImage|Any CPU.Build.0 = Release|Any CPU
		{42A4B9AE-7BC2-4B28-8A0A-3AAF1B3F2EA1}.SingleImage|Mixed Platforms.ActiveCfg = Release|Any CPU
		{42A4B9AE-7BC2-4B28-8A0A-3AAF1B3F2EA1}.SingleImage|Mixed Platforms.Build.0 = Release|Any CPU
		{42A4B9AE-7BC2-4B28-8A0A-3AAF1B3F2EA1}.SingleImage|x86.ActiveCfg = Release|Any CPU
		{3E4A957D-BFB8-408F-9664-711B4B239CC7}.CD_ROM|Any CPU.ActiveCfg = Release|Any CPU
		{3E4A957D-BFB8-408F-9664-711B4B239CC7}.CD_ROM|Any CPU.Build.0 = Release|Any CPU
		{3E4A957D-BFB8-408F-9664-711B4B239CC7}.CD_ROM|Mixed Platforms.ActiveCfg = Release|Any CPU
		{3E4A957D-BFB8-408F-9664-711B4B239CC7}.CD_ROM|Mixed Platforms.Build.0 = Release|Any CPU
		{3E4A957D-BFB8-408F-9664-711B4B239CC7}.CD_ROM|x86.ActiveCfg = Release|Any CPU
		{3E4A957D-BFB8-408F-9664-711B4B239CC7}.Debug|Any CPU.ActiveCfg = Debug|Any CPU
		{3E4A957D-BFB8-408F-9664-711B4B239CC7}.Debug|Any CPU.Build.0 = Debug|Any CPU
		{3E4A957D-BFB8-408F-9664-711B4B239CC7}.Debug|Mixed Platforms.ActiveCfg = Debug|Any CPU
		{3E4A957D-BFB8-408F-9664-711B4B239CC7}.Debug|Mixed Platforms.Build.0 = Debug|Any CPU
		{3E4A957D-BFB8-408F-9664-711B4B239CC7}.Debug|x86.ActiveCfg = Debug|Any CPU
		{3E4A957D-BFB8-408F-9664-711B4B239CC7}.DVD-5|Any CPU.ActiveCfg = Debug|Any CPU
		{3E4A957D-BFB8-408F-9664-711B4B239CC7}.DVD-5|Any CPU.Build.0 = Debug|Any CPU
		{3E4A957D-BFB8-408F-9664-711B4B239CC7}.DVD-5|Mixed Platforms.ActiveCfg = Debug|Any CPU
		{3E4A957D-BFB8-408F-9664-711B4B239CC7}.DVD-5|Mixed Platforms.Build.0 = Debug|Any CPU
		{3E4A957D-BFB8-408F-9664-711B4B239CC7}.DVD-5|x86.ActiveCfg = Debug|Any CPU
		{3E4A957D-BFB8-408F-9664-711B4B239CC7}.Release|Any CPU.ActiveCfg = Release|Any CPU
		{3E4A957D-BFB8-408F-9664-711B4B239CC7}.Release|Any CPU.Build.0 = Release|Any CPU
		{3E4A957D-BFB8-408F-9664-711B4B239CC7}.Release|Mixed Platforms.ActiveCfg = Release|Any CPU
		{3E4A957D-BFB8-408F-9664-711B4B239CC7}.Release|Mixed Platforms.Build.0 = Release|Any CPU
		{3E4A957D-BFB8-408F-9664-711B4B239CC7}.Release|x86.ActiveCfg = Release|Any CPU
		{3E4A957D-BFB8-408F-9664-711B4B239CC7}.SingleImage|Any CPU.ActiveCfg = Release|Any CPU
		{3E4A957D-BFB8-408F-9664-711B4B239CC7}.SingleImage|Any CPU.Build.0 = Release|Any CPU
		{3E4A957D-BFB8-408F-9664-711B4B239CC7}.SingleImage|Mixed Platforms.ActiveCfg = Release|Any CPU
		{3E4A957D-BFB8-408F-9664-711B4B239CC7}.SingleImage|Mixed Platforms.Build.0 = Release|Any CPU
		{3E4A957D-BFB8-408F-9664-711B4B239CC7}.SingleImage|x86.ActiveCfg = Release|Any CPU
		{D539E60D-941C-47C7-A224-F65A4056069C}.CD_ROM|Any CPU.ActiveCfg = Release|Any CPU
		{D539E60D-941C-47C7-A224-F65A4056069C}.CD_ROM|Any CPU.Build.0 = Release|Any CPU
		{D539E60D-941C-47C7-A224-F65A4056069C}.CD_ROM|Mixed Platforms.ActiveCfg = Release|Any CPU
		{D539E60D-941C-47C7-A224-F65A4056069C}.CD_ROM|Mixed Platforms.Build.0 = Release|Any CPU
		{D539E60D-941C-47C7-A224-F65A4056069C}.CD_ROM|x86.ActiveCfg = Release|Any CPU
		{D539E60D-941C-47C7-A224-F65A4056069C}.Debug|Any CPU.ActiveCfg = Debug|Any CPU
		{D539E60D-941C-47C7-A224-F65A4056069C}.Debug|Any CPU.Build.0 = Debug|Any CPU
		{D539E60D-941C-47C7-A224-F65A4056069C}.Debug|Mixed Platforms.ActiveCfg = Debug|Any CPU
		{D539E60D-941C-47C7-A224-F65A4056069C}.Debug|Mixed Platforms.Build.0 = Debug|Any CPU
		{D539E60D-941C-47C7-A224-F65A4056069C}.Debug|x86.ActiveCfg = Debug|Any CPU
		{D539E60D-941C-47C7-A224-F65A4056069C}.DVD-5|Any CPU.ActiveCfg = Debug|Any CPU
		{D539E60D-941C-47C7-A224-F65A4056069C}.DVD-5|Any CPU.Build.0 = Debug|Any CPU
		{D539E60D-941C-47C7-A224-F65A4056069C}.DVD-5|Mixed Platforms.ActiveCfg = Debug|Any CPU
		{D539E60D-941C-47C7-A224-F65A4056069C}.DVD-5|Mixed Platforms.Build.0 = Debug|Any CPU
		{D539E60D-941C-47C7-A224-F65A4056069C}.DVD-5|x86.ActiveCfg = Debug|Any CPU
		{D539E60D-941C-47C7-A224-F65A4056069C}.Release|Any CPU.ActiveCfg = Release|Any CPU
		{D539E60D-941C-47C7-A224-F65A4056069C}.Release|Any CPU.Build.0 = Release|Any CPU
		{D539E60D-941C-47C7-A224-F65A4056069C}.Release|Mixed Platforms.ActiveCfg = Release|Any CPU
		{D539E60D-941C-47C7-A224-F65A4056069C}.Release|Mixed Platforms.Build.0 = Release|Any CPU
		{D539E60D-941C-47C7-A224-F65A4056069C}.Release|x86.ActiveCfg = Release|Any CPU
		{D539E60D-941C-47C7-A224-F65A4056069C}.SingleImage|Any CPU.ActiveCfg = Release|Any CPU
		{D539E60D-941C-47C7-A224-F65A4056069C}.SingleImage|Any CPU.Build.0 = Release|Any CPU
		{D539E60D-941C-47C7-A224-F65A4056069C}.SingleImage|Mixed Platforms.ActiveCfg = Release|Any CPU
		{D539E60D-941C-47C7-A224-F65A4056069C}.SingleImage|Mixed Platforms.Build.0 = Release|Any CPU
		{D539E60D-941C-47C7-A224-F65A4056069C}.SingleImage|x86.ActiveCfg = Release|Any CPU
		{FAC8AB21-C951-4FBE-BCC0-215E5E42F45E}.CD_ROM|Any CPU.ActiveCfg = Release|Any CPU
		{FAC8AB21-C951-4FBE-BCC0-215E5E42F45E}.CD_ROM|Any CPU.Build.0 = Release|Any CPU
		{FAC8AB21-C951-4FBE-BCC0-215E5E42F45E}.CD_ROM|Mixed Platforms.ActiveCfg = Release|Any CPU
		{FAC8AB21-C951-4FBE-BCC0-215E5E42F45E}.CD_ROM|Mixed Platforms.Build.0 = Release|Any CPU
		{FAC8AB21-C951-4FBE-BCC0-215E5E42F45E}.CD_ROM|x86.ActiveCfg = Release|Any CPU
		{FAC8AB21-C951-4FBE-BCC0-215E5E42F45E}.Debug|Any CPU.ActiveCfg = Debug|Any CPU
		{FAC8AB21-C951-4FBE-BCC0-215E5E42F45E}.Debug|Any CPU.Build.0 = Debug|Any CPU
		{FAC8AB21-C951-4FBE-BCC0-215E5E42F45E}.Debug|Mixed Platforms.ActiveCfg = Debug|Any CPU
		{FAC8AB21-C951-4FBE-BCC0-215E5E42F45E}.Debug|Mixed Platforms.Build.0 = Debug|Any CPU
		{FAC8AB21-C951-4FBE-BCC0-215E5E42F45E}.Debug|x86.ActiveCfg = Debug|Any CPU
		{FAC8AB21-C951-4FBE-BCC0-215E5E42F45E}.DVD-5|Any CPU.ActiveCfg = Debug|Any CPU
		{FAC8AB21-C951-4FBE-BCC0-215E5E42F45E}.DVD-5|Any CPU.Build.0 = Debug|Any CPU
		{FAC8AB21-C951-4FBE-BCC0-215E5E42F45E}.DVD-5|Mixed Platforms.ActiveCfg = Debug|Any CPU
		{FAC8AB21-C951-4FBE-BCC0-215E5E42F45E}.DVD-5|Mixed Platforms.Build.0 = Debug|Any CPU
		{FAC8AB21-C951-4FBE-BCC0-215E5E42F45E}.DVD-5|x86.ActiveCfg = Debug|Any CPU
		{FAC8AB21-C951-4FBE-BCC0-215E5E42F45E}.Release|Any CPU.ActiveCfg = Release|Any CPU
		{FAC8AB21-C951-4FBE-BCC0-215E5E42F45E}.Release|Any CPU.Build.0 = Release|Any CPU
		{FAC8AB21-C951-4FBE-BCC0-215E5E42F45E}.Release|Mixed Platforms.ActiveCfg = Release|Any CPU
		{FAC8AB21-C951-4FBE-BCC0-215E5E42F45E}.Release|Mixed Platforms.Build.0 = Release|Any CPU
		{FAC8AB21-C951-4FBE-BCC0-215E5E42F45E}.Release|x86.ActiveCfg = Release|Any CPU
		{FAC8AB21-C951-4FBE-BCC0-215E5E42F45E}.SingleImage|Any CPU.ActiveCfg = Release|Any CPU
		{FAC8AB21-C951-4FBE-BCC0-215E5E42F45E}.SingleImage|Any CPU.Build.0 = Release|Any CPU
		{FAC8AB21-C951-4FBE-BCC0-215E5E42F45E}.SingleImage|Mixed Platforms.ActiveCfg = Release|Any CPU
		{FAC8AB21-C951-4FBE-BCC0-215E5E42F45E}.SingleImage|Mixed Platforms.Build.0 = Release|Any CPU
		{FAC8AB21-C951-4FBE-BCC0-215E5E42F45E}.SingleImage|x86.ActiveCfg = Release|Any CPU
		{8A0BB781-E819-45B0-A67F-154E3476420F}.CD_ROM|Any CPU.ActiveCfg = CD_ROM
		{8A0BB781-E819-45B0-A67F-154E3476420F}.CD_ROM|Any CPU.Build.0 = CD_ROM
		{8A0BB781-E819-45B0-A67F-154E3476420F}.CD_ROM|Mixed Platforms.ActiveCfg = CD_ROM
		{8A0BB781-E819-45B0-A67F-154E3476420F}.CD_ROM|Mixed Platforms.Build.0 = CD_ROM
		{8A0BB781-E819-45B0-A67F-154E3476420F}.CD_ROM|x86.ActiveCfg = CD_ROM
		{8A0BB781-E819-45B0-A67F-154E3476420F}.CD_ROM|x86.Build.0 = CD_ROM
		{8A0BB781-E819-45B0-A67F-154E3476420F}.Debug|Any CPU.ActiveCfg = DVD-5
		{8A0BB781-E819-45B0-A67F-154E3476420F}.Debug|Any CPU.Build.0 = DVD-5
		{8A0BB781-E819-45B0-A67F-154E3476420F}.Debug|Mixed Platforms.ActiveCfg = DVD-5
		{8A0BB781-E819-45B0-A67F-154E3476420F}.Debug|Mixed Platforms.Build.0 = DVD-5
		{8A0BB781-E819-45B0-A67F-154E3476420F}.Debug|x86.ActiveCfg = DVD-5
		{8A0BB781-E819-45B0-A67F-154E3476420F}.Debug|x86.Build.0 = DVD-5
		{8A0BB781-E819-45B0-A67F-154E3476420F}.DVD-5|Any CPU.ActiveCfg = DVD-5
		{8A0BB781-E819-45B0-A67F-154E3476420F}.DVD-5|Any CPU.Build.0 = DVD-5
		{8A0BB781-E819-45B0-A67F-154E3476420F}.DVD-5|Mixed Platforms.ActiveCfg = DVD-5
		{8A0BB781-E819-45B0-A67F-154E3476420F}.DVD-5|Mixed Platforms.Build.0 = DVD-5
		{8A0BB781-E819-45B0-A67F-154E3476420F}.DVD-5|x86.ActiveCfg = DVD-5
		{8A0BB781-E819-45B0-A67F-154E3476420F}.DVD-5|x86.Build.0 = DVD-5
		{8A0BB781-E819-45B0-A67F-154E3476420F}.Release|Any CPU.ActiveCfg = SingleImage
		{8A0BB781-E819-45B0-A67F-154E3476420F}.Release|Any CPU.Build.0 = SingleImage
		{8A0BB781-E819-45B0-A67F-154E3476420F}.Release|Mixed Platforms.ActiveCfg = SingleImage
		{8A0BB781-E819-45B0-A67F-154E3476420F}.Release|Mixed Platforms.Build.0 = SingleImage
		{8A0BB781-E819-45B0-A67F-154E3476420F}.Release|x86.ActiveCfg = SingleImage
		{8A0BB781-E819-45B0-A67F-154E3476420F}.Release|x86.Build.0 = SingleImage
		{8A0BB781-E819-45B0-A67F-154E3476420F}.SingleImage|Any CPU.ActiveCfg = SingleImage
		{8A0BB781-E819-45B0-A67F-154E3476420F}.SingleImage|Any CPU.Build.0 = SingleImage
		{8A0BB781-E819-45B0-A67F-154E3476420F}.SingleImage|Mixed Platforms.ActiveCfg = SingleImage
		{8A0BB781-E819-45B0-A67F-154E3476420F}.SingleImage|Mixed Platforms.Build.0 = SingleImage
		{8A0BB781-E819-45B0-A67F-154E3476420F}.SingleImage|x86.ActiveCfg = SingleImage
		{8A0BB781-E819-45B0-A67F-154E3476420F}.SingleImage|x86.Build.0 = SingleImage
	EndGlobalSection
	GlobalSection(SolutionProperties) = preSolution
		HideSolutionNode = FALSE
	EndGlobalSection
EndGlobal
