
Microsoft Visual Studio Solution File, Format Version 9.00
# Visual C# Express 2005
Project("{FAE04EC0-301F-11D3-BF4B-00C04F79EFBC}") = "TachographInterface", "TachographInterface\TachographInterface.csproj", "{1A52E30E-F53F-4FB0-8CF2-DCC7553C4DFD}"
EndProject
Global
	GlobalSection(SolutionConfigurationPlatforms) = preSolution
		Debug|Any CPU = Debug|Any CPU
		Release|Any CPU = Release|Any CPU
	EndGlobalSection
	GlobalSection(ProjectConfigurationPlatforms) = postSolution
		{1A52E30E-F53F-4FB0-8CF2-DCC7553C4DFD}.Debug|Any CPU.ActiveCfg = Debug|Any CPU
		{1A52E30E-F53F-4FB0-8CF2-DCC7553C4DFD}.Debug|Any CPU.Build.0 = Debug|Any CPU
		{1A52E30E-F53F-4FB0-8CF2-DCC7553C4DFD}.Release|Any CPU.ActiveCfg = Release|Any CPU
		{1A52E30E-F53F-4FB0-8CF2-DCC7553C4DFD}.Release|Any CPU.Build.0 = Release|Any CPU
	EndGlobalSection
	GlobalSection(SolutionProperties) = preSolution
		HideSolutionNode = FALSE
	EndGlobalSection
EndGlobal
